// !$*UTF8*$!
{
	archiveVersion = 1;
	classes = {
	};
	objectVersion = 46;
	objects = {

/* Begin PBXBuildFile section */
		CE13766A1DCF5FD80075BA56 /* CoraDataManager.m in Sources */ = {isa = PBXBuildFile; fileRef = CE1376691DCF5FD80075BA56 /* CoraDataManager.m */; };
		CE7997EB1DCBE538002A243E /* main.m in Sources */ = {isa = PBXBuildFile; fileRef = CE7997EA1DCBE538002A243E /* main.m */; };
		CE7997EE1DCBE538002A243E /* AppDelegate.m in Sources */ = {isa = PBXBuildFile; fileRef = CE7997ED1DCBE538002A243E /* AppDelegate.m */; };
		CE7997F11DCBE538002A243E /* ViewController.m in Sources */ = {isa = PBXBuildFile; fileRef = CE7997F01DCBE538002A243E /* ViewController.m */; };
		CE7997F41DCBE538002A243E /* Main.storyboard in Resources */ = {isa = PBXBuildFile; fileRef = CE7997F21DCBE538002A243E /* Main.storyboard */; };
		CE7997F71DCBE538002A243E /* Homework.xcdatamodeld in Sources */ = {isa = PBXBuildFile; fileRef = CE7997F51DCBE538002A243E /* Homework.xcdatamodeld */; };
		CE7997F91DCBE538002A243E /* Assets.xcassets in Resources */ = {isa = PBXBuildFile; fileRef = CE7997F81DCBE538002A243E /* Assets.xcassets */; };
		CE7997FC1DCBE538002A243E /* LaunchScreen.storyboard in Resources */ = {isa = PBXBuildFile; fileRef = CE7997FA1DCBE538002A243E /* LaunchScreen.storyboard */; };
		CEA693D61DCDDD9C00D45105 /* DownloadManager.m in Sources */ = {isa = PBXBuildFile; fileRef = CEA693D51DCDDD9C00D45105 /* DownloadManager.m */; };
		CEA693D91DCDE24800D45105 /* DataTableViewCell.m in Sources */ = {isa = PBXBuildFile; fileRef = CEA693D81DCDE24800D45105 /* DataTableViewCell.m */; };
/* End PBXBuildFile section */

/* Begin PBXFileReference section */
		CE1376681DCF5FD80075BA56 /* CoraDataManager.h */ = {isa = PBXFileReference; fileEncoding = 4; lastKnownFileType = sourcecode.c.h; path = CoraDataManager.h; sourceTree = "<group>"; };
		CE1376691DCF5FD80075BA56 /* CoraDataManager.m */ = {isa = PBXFileReference; fileEncoding = 4; lastKnownFileType = sourcecode.c.objc; path = CoraDataManager.m; sourceTree = "<group>"; };
		CE7997E61DCBE538002A243E /* Homework.app */ = {isa = PBXFileReference; explicitFileType = wrapper.application; includeInIndex = 0; path = Homework.app; sourceTree = BUILT_PRODUCTS_DIR; };
		CE7997EA1DCBE538002A243E /* main.m */ = {isa = PBXFileReference; lastKnownFileType = sourcecode.c.objc; path = main.m; sourceTree = "<group>"; };
		CE7997EC1DCBE538002A243E /* AppDelegate.h */ = {isa = PBXFileReference; lastKnownFileType = sourcecode.c.h; path = AppDelegate.h; sourceTree = "<group>"; };
		CE7997ED1DCBE538002A243E /* AppDelegate.m */ = {isa = PBXFileReference; lastKnownFileType = sourcecode.c.objc; path = AppDelegate.m; sourceTree = "<group>"; };
		CE7997EF1DCBE538002A243E /* ViewController.h */ = {isa = PBXFileReference; lastKnownFileType = sourcecode.c.h; path = ViewController.h; sourceTree = "<group>"; };
		CE7997F01DCBE538002A243E /* ViewController.m */ = {isa = PBXFileReference; lastKnownFileType = sourcecode.c.objc; path = ViewController.m; sourceTree = "<group>"; };
		CE7997F31DCBE538002A243E /* Base */ = {isa = PBXFileReference; lastKnownFileType = file.storyboard; name = Base; path = Base.lproj/Main.storyboard; sourceTree = "<group>"; };
		CE7997F61DCBE538002A243E /* Homework.xcdatamodel */ = {isa = PBXFileReference; lastKnownFileType = wrapper.xcdatamodel; path = Homework.xcdatamodel; sourceTree = "<group>"; };
		CE7997F81DCBE538002A243E /* Assets.xcassets */ = {isa = PBXFileReference; lastKnownFileType = folder.assetcatalog; path = Assets.xcassets; sourceTree = "<group>"; };
		CE7997FB1DCBE538002A243E /* Base */ = {isa = PBXFileReference; lastKnownFileType = file.storyboard; name = Base; path = Base.lproj/LaunchScreen.storyboard; sourceTree = "<group>"; };
		CE7997FD1DCBE538002A243E /* Info.plist */ = {isa = PBXFileReference; lastKnownFileType = text.plist.xml; path = Info.plist; sourceTree = "<group>"; };
		CEA693D41DCDDD9C00D45105 /* DownloadManager.h */ = {isa = PBXFileReference; fileEncoding = 4; lastKnownFileType = sourcecode.c.h; path = DownloadManager.h; sourceTree = "<group>"; };
		CEA693D51DCDDD9C00D45105 /* DownloadManager.m */ = {isa = PBXFileReference; fileEncoding = 4; lastKnownFileType = sourcecode.c.objc; path = DownloadManager.m; sourceTree = "<group>"; };
		CEA693D71DCDE24800D45105 /* DataTableViewCell.h */ = {isa = PBXFileReference; fileEncoding = 4; lastKnownFileType = sourcecode.c.h; path = DataTableViewCell.h; sourceTree = "<group>"; };
		CEA693D81DCDE24800D45105 /* DataTableViewCell.m */ = {isa = PBXFileReference; fileEncoding = 4; lastKnownFileType = sourcecode.c.objc; path = DataTableViewCell.m; sourceTree = "<group>"; };
/* End PBXFileReference section */

/* Begin PBXFrameworksBuildPhase section */
		CE7997E31DCBE538002A243E /* Frameworks */ = {
			isa = PBXFrameworksBuildPhase;
			buildActionMask = 2147483647;
			files = (
			);
			runOnlyForDeploymentPostprocessing = 0;
		};
/* End PBXFrameworksBuildPhase section */

/* Begin PBXGroup section */
		CE7997DD1DCBE538002A243E = {
			isa = PBXGroup;
			children = (
				CE7997E81DCBE538002A243E /* Homework */,
				CE7997E71DCBE538002A243E /* Products */,
			);
			sourceTree = "<group>";
		};
		CE7997E71DCBE538002A243E /* Products */ = {
			isa = PBXGroup;
			children = (
				CE7997E61DCBE538002A243E /* Homework.app */,
			);
			name = Products;
			sourceTree = "<group>";
		};
		CE7997E81DCBE538002A243E /* Homework */ = {
			isa = PBXGroup;
			children = (
				CE7997EC1DCBE538002A243E /* AppDelegate.h */,
				CE7997ED1DCBE538002A243E /* AppDelegate.m */,
				CE7997EF1DCBE538002A243E /* ViewController.h */,
				CE7997F01DCBE538002A243E /* ViewController.m */,
				CEA693D41DCDDD9C00D45105 /* DownloadManager.h */,
				CEA693D51DCDDD9C00D45105 /* DownloadManager.m */,
				CEA693D71DCDE24800D45105 /* DataTableViewCell.h */,
				CEA693D81DCDE24800D45105 /* DataTableViewCell.m */,
				CE1376681DCF5FD80075BA56 /* CoraDataManager.h */,
				CE1376691DCF5FD80075BA56 /* CoraDataManager.m */,
				CE7997F21DCBE538002A243E /* Main.storyboard */,
				CE7997F81DCBE538002A243E /* Assets.xcassets */,
				CE7997FA1DCBE538002A243E /* LaunchScreen.storyboard */,
				CE7997FD1DCBE538002A243E /* Info.plist */,
				CE7997F51DCBE538002A243E /* Homework.xcdatamodeld */,
				CE7997E91DCBE538002A243E /* Supporting Files */,
			);
			path = Homework;
			sourceTree = "<group>";
		};
		CE7997E91DCBE538002A243E /* Supporting Files */ = {
			isa = PBXGroup;
			children = (
				CE7997EA1DCBE538002A243E /* main.m */,
			);
			name = "Supporting Files";
			sourceTree = "<group>";
		};
/* End PBXGroup section */

/* Begin PBXNativeTarget section */
		CE7997E51DCBE538002A243E /* Homework */ = {
			isa = PBXNativeTarget;
			buildConfigurationList = CE7998001DCBE538002A243E /* Build configuration list for PBXNativeTarget "Homework" */;
			buildPhases = (
				CE7997E21DCBE538002A243E /* Sources */,
				CE7997E31DCBE538002A243E /* Frameworks */,
				CE7997E41DCBE538002A243E /* Resources */,
			);
			buildRules = (
			);
			dependencies = (
			);
			name = Homework;
			productName = Homework;
			productReference = CE7997E61DCBE538002A243E /* Homework.app */;
			productType = "com.apple.product-type.application";
		};
/* End PBXNativeTarget section */

/* Begin PBXProject section */
		CE7997DE1DCBE538002A243E /* Project object */ = {
			isa = PBXProject;
			attributes = {
				LastUpgradeCheck = 0810;
				ORGANIZATIONNAME = Toxa;
				TargetAttributes = {
					CE7997E51DCBE538002A243E = {
						CreatedOnToolsVersion = 8.0;
						DevelopmentTeam = E9A3K3TA5Z;
						ProvisioningStyle = Automatic;
					};
				};
			};
			buildConfigurationList = CE7997E11DCBE538002A243E /* Build configuration list for PBXProject "Homework" */;
			compatibilityVersion = "Xcode 3.2";
			developmentRegion = English;
			hasScannedForEncodings = 0;
			knownRegions = (
				en,
				Base,
			);
			mainGroup = CE7997DD1DCBE538002A243E;
			productRefGroup = CE7997E71DCBE538002A243E /* Products */;
			projectDirPath = "";
			projectRoot = "";
			targets = (
				CE7997E51DCBE538002A243E /* Homework */,
			);
		};
/* End PBXProject section */

/* Begin PBXResourcesBuildPhase section */
		CE7997E41DCBE538002A243E /* Resources */ = {
			isa = PBXResourcesBuildPhase;
			buildActionMask = 2147483647;
			files = (
				CE7997FC1DCBE538002A243E /* LaunchScreen.storyboard in Resources */,
				CE7997F91DCBE538002A243E /* Assets.xcassets in Resources */,
				CE7997F41DCBE538002A243E /* Main.storyboard in Resources */,
			);
			runOnlyForDeploymentPostprocessing = 0;
		};
/* End PBXResourcesBuildPhase section */

/* Begin PBXSourcesBuildPhase section */
		CE7997E21DCBE538002A243E /* Sources */ = {
			isa = PBXSourcesBuildPhase;
			buildActionMask = 2147483647;
			files = (
				CE7997F11DCBE538002A243E /* ViewController.m in Sources */,
				CE7997F71DCBE538002A243E /* Homework.xcdatamodeld in Sources */,
				CE7997EE1DCBE538002A243E /* AppDelegate.m in Sources */,
				CEA693D91DCDE24800D45105 /* DataTableViewCell.m in Sources */,
				CE13766A1DCF5FD80075BA56 /* CoraDataManager.m in Sources */,
				CEA693D61DCDDD9C00D45105 /* DownloadManager.m in Sources */,
				CE7997EB1DCBE538002A243E /* main.m in Sources */,
			);
			runOnlyForDeploymentPostprocessing = 0;
		};
/* End PBXSourcesBuildPhase section */

/* Begin PBXVariantGroup section */
		CE7997F21DCBE538002A243E /* Main.storyboard */ = {
			isa = PBXVariantGroup;
			children = (
				CE7997F31DCBE538002A243E /* Base */,
			);
			name = Main.storyboard;
			sourceTree = "<group>";
		};
		CE7997FA1DCBE538002A243E /* LaunchScreen.storyboard */ = {
			isa = PBXVariantGroup;
			children = (
				CE7997FB1DCBE538002A243E /* Base */,
			);
			name = LaunchScreen.storyboard;
			sourceTree = "<group>";
		};
/* End PBXVariantGroup section */

/* Begin XCBuildConfiguration section */
		CE7997FE1DCBE538002A243E /* Debug */ = {
			isa = XCBuildConfiguration;
			buildSettings = {
				ALWAYS_SEARCH_USER_PATHS = NO;
				CLANG_ANALYZER_NONNULL = YES;
				CLANG_CXX_LANGUAGE_STANDARD = "gnu++0x";
				CLANG_CXX_LIBRARY = "libc++";
				CLANG_ENABLE_MODULES = YES;
				CLANG_ENABLE_OBJC_ARC = YES;
				CLANG_WARN_BOOL_CONVERSION = YES;
				CLANG_WARN_CONSTANT_CONVERSION = YES;
				CLANG_WARN_DIRECT_OBJC_ISA_USAGE = YES_ERROR;
				CLANG_WARN_DOCUMENTATION_COMMENTS = YES;
				CLANG_WARN_EMPTY_BODY = YES;
				CLANG_WARN_ENUM_CONVERSION = YES;
				CLANG_WARN_INFINITE_RECURSION = YES;
				CLANG_WARN_INT_CONVERSION = YES;
				CLANG_WARN_OBJC_ROOT_CLASS = YES_ERROR;
				CLANG_WARN_SUSPICIOUS_MOVE = YES;
				CLANG_WARN_SUSPICIOUS_MOVES = YES;
				CLANG_WARN_UNREACHABLE_CODE = YES;
				CLANG_WARN__DUPLICATE_METHOD_MATCH = YES;
				"CODE_SIGN_IDENTITY[sdk=iphoneos*]" = "iPhone Developer";
				COPY_PHASE_STRIP = NO;
				DEBUG_INFORMATION_FORMAT = dwarf;
				ENABLE_STRICT_OBJC_MSGSEND = YES;
				ENABLE_TESTABILITY = YES;
				GCC_C_LANGUAGE_STANDARD = gnu99;
				GCC_DYNAMIC_NO_PIC = NO;
				GCC_NO_COMMON_BLOCKS = YES;
				GCC_OPTIMIZATION_LEVEL = 0;
				GCC_PREPROCESSOR_DEFINITIONS = (
					"DEBUG=1",
					"$(inherited)",
				);
				GCC_WARN_64_TO_32_BIT_CONVERSION = YES;
				GCC_WARN_ABOUT_RETURN_TYPE = YES_ERROR;
				GCC_WARN_UNDECLARED_SELECTOR = YES;
				GCC_WARN_UNINITIALIZED_AUTOS = YES_AGGRESSIVE;
				GCC_WARN_UNUSED_FUNCTION = YES;
				GCC_WARN_UNUSED_VARIABLE = YES;
				IPHONEOS_DEPLOYMENT_TARGET = 10.0;
				MTL_ENABLE_DEBUG_INFO = YES;
				ONLY_ACTIVE_ARCH = YES;
				SDKROOT = iphoneos;
			};
			name = Debug;
		};
		CE7997FF1DCBE538002A243E /* Release */ = {
			isa = XCBuildConfiguration;
			buildSettings = {
				ALWAYS_SEARCH_USER_PATHS = NO;
				CLANG_ANALYZER_NONNULL = YES;
				CLANG_CXX_LANGUAGE_STANDARD = "gnu++0x";
				CLANG_CXX_LIBRARY = "libc++";
				CLANG_ENABLE_MODULES = YES;
				CLANG_ENABLE_OBJC_ARC = YES;
				CLANG_WARN_BOOL_CONVERSION = YES;
				CLANG_WARN_CONSTANT_CONVERSION = YES;
				CLANG_WARN_DIRECT_OBJC_ISA_USAGE = YES_ERROR;
				CLANG_WARN_DOCUMENTATION_COMMENTS = YES;
				CLANG_WARN_EMPTY_BODY = YES;
				CLANG_WARN_ENUM_CONVERSION = YES;
				CLANG_WARN_INFINITE_RECURSION = YES;
				CLANG_WARN_INT_CONVERSION = YES;
				CLANG_WARN_OBJC_ROOT_CLASS = YES_ERROR;
				CLANG_WARN_SUSPICIOUS_MOVE = YES;
				CLANG_WARN_SUSPICIOUS_MOVES = YES;
				CLANG_WARN_UNREACHABLE_CODE = YES;
				CLANG_WARN__DUPLICATE_METHOD_MATCH = YES;
				"CODE_SIGN_IDENTITY[sdk=iphoneos*]" = "iPhone Developer";
				COPY_PHASE_STRIP = NO;
				DEBUG_INFORMATION_FORMAT = "dwarf-with-dsym";
				ENABLE_NS_ASSERTIONS = NO;
				ENABLE_STRICT_OBJC_MSGSEND = YES;
				GCC_C_LANGUAGE_STANDARD = gnu99;
				GCC_NO_COMMON_BLOCKS = YES;
				GCC_WARN_64_TO_32_BIT_CONVERSION = YES;
				GCC_WARN_ABOUT_RETURN_TYPE = YES_ERROR;
				GCC_WARN_UNDECLARED_SELECTOR = YES;
				GCC_WARN_UNINITIALIZED_AUTOS = YES_AGGRESSIVE;
				GCC_WARN_UNUSED_FUNCTION = YES;
				GCC_WARN_UNUSED_VARIABLE = YES;
				IPHONEOS_DEPLOYMENT_TARGET = 10.0;
				MTL_ENABLE_DEBUG_INFO = NO;
				SDKROOT = iphoneos;
				VALIDATE_PRODUCT = YES;
			};
			name = Release;
		};
		CE7998011DCBE538002A243E /* Debug */ = {
			isa = XCBuildConfiguration;
			buildSettings = {
				ASSETCATALOG_COMPILER_APPICON_NAME = AppIcon;
				DEVELOPMENT_TEAM = E9A3K3TA5Z;
				INFOPLIST_FILE = Homework/Info.plist;
				IPHONEOS_DEPLOYMENT_TARGET = 10.0;
				LD_RUNPATH_SEARCH_PATHS = "$(inherited) @executable_path/Frameworks";
				PRODUCT_BUNDLE_IDENTIFIER = com.toxa.apps.Homework;
				PRODUCT_NAME = "$(TARGET_NAME)";
			};
			name = Debug;
		};
		CE7998021DCBE538002A243E /* Release */ = {
			isa = XCBuildConfiguration;
			buildSettings = {
				ASSETCATALOG_COMPILER_APPICON_NAME = AppIcon;
				DEVELOPMENT_TEAM = E9A3K3TA5Z;
				INFOPLIST_FILE = Homework/Info.plist;
				IPHONEOS_DEPLOYMENT_TARGET = 10.0;
				LD_RUNPATH_SEARCH_PATHS = "$(inherited) @executable_path/Frameworks";
				PRODUCT_BUNDLE_IDENTIFIER = com.toxa.apps.Homework;
				PRODUCT_NAME = "$(TARGET_NAME)";
			};
			name = Release;
		};
/* End XCBuildConfiguration section */

/* Begin XCConfigurationList section */
		CE7997E11DCBE538002A243E /* Build configuration list for PBXProject "Homework" */ = {
			isa = XCConfigurationList;
			buildConfigurations = (
				CE7997FE1DCBE538002A243E /* Debug */,
				CE7997FF1DCBE538002A243E /* Release */,
			);
			defaultConfigurationIsVisible = 0;
			defaultConfigurationName = Release;
		};
		CE7998001DCBE538002A243E /* Build configuration list for PBXNativeTarget "Homework" */ = {
			isa = XCConfigurationList;
			buildConfigurations = (
				CE7998011DCBE538002A243E /* Debug */,
				CE7998021DCBE538002A243E /* Release */,
			);
			defaultConfigurationIsVisible = 0;
			defaultConfigurationName = Release;
		};
/* End XCConfigurationList section */

/* Begin XCVersionGroup section */
		CE7997F51DCBE538002A243E /* Homework.xcdatamodeld */ = {
			isa = XCVersionGroup;
			children = (
				CE7997F61DCBE538002A243E /* Homework.xcdatamodel */,
			);
			currentVersion = CE7997F61DCBE538002A243E /* Homework.xcdatamodel */;
			path = Homework.xcdatamodeld;
			sourceTree = "<group>";
			versionGroupType = wrapper.xcdatamodel;
		};
/* End XCVersionGroup section */
	};
	rootObject = CE7997DE1DCBE538002A243E /* Project object */;
}
